
Microsoft Visual Studio Solution File, Format Version 12.00
# Visual Studio Version 17
VisualStudioVersion = 17.11.35312.102
MinimumVisualStudioVersion = 10.0.40219.1
Project("{FAE04EC0-301F-11D3-BF4B-00C04F79EFBC}") = "generator", "ContractGenerator\generator.csproj", "{6342C56D-4093-48A3-9F0D-C67ECC6D0F6C}"
EndProject
Global
	GlobalSection(SolutionConfigurationPlatforms) = preSolution
		Debug|Any CPU = Debug|Any CPU
		Release|Any CPU = Release|Any CPU
	EndGlobalSection
	GlobalSection(ProjectConfigurationPlatforms) = postSolution
		{6342C56D-4093-48A3-9F0D-C67ECC6D0F6C}.Debug|Any CPU.ActiveCfg = Debug|Any CPU
		{6342C56D-4093-48A3-9F0D-C67ECC6D0F6C}.Debug|Any CPU.Build.0 = Debug|Any CPU
		{6342C56D-4093-48A3-9F0D-C67ECC6D0F6C}.Release|Any CPU.ActiveCfg = Release|Any CPU
		{6342C56D-4093-48A3-9F0D-C67ECC6D0F6C}.Release|Any CPU.Build.0 = Release|Any CPU
	EndGlobalSection
	GlobalSection(SolutionProperties) = preSolution
		HideSolutionNode = FALSE
	EndGlobalSection
	GlobalSection(ExtensibilityGlobals) = postSolution
		SolutionGuid = {0B2BE0E9-BD11-45EE-A0B0-5A4C92E628BB}
	EndGlobalSection
EndGlobal
